
Microsoft Visual Studio Solution File, Format Version 12.00
# Visual Studio 15
Project("{FAE04EC0-301F-11D3-BF4B-00C04F79EFBC}") = "Assembly-CSharp", "Assembly-CSharp.csproj", "{2C476038-C424-44EA-DB73-770D77AF0EB8}"
EndProject
Project("{FAE04EC0-301F-11D3-BF4B-00C04F79EFBC}") = "Assembly-CSharp-firstpass", "Assembly-CSharp-firstpass.csproj", "{A2DDB367-E7A7-98F8-A376-77F891F71236}"
EndProject
Global
	GlobalSection(SolutionConfigurationPlatforms) = preSolution
		Debug|Any CPU = Debug|Any CPU
		Release|Any CPU = Release|Any CPU
	EndGlobalSection
	GlobalSection(ProjectConfigurationPlatforms) = postSolution
		{2C476038-C424-44EA-DB73-770D77AF0EB8}.Debug|Any CPU.ActiveCfg = Debug|Any CPU
		{2C476038-C424-44EA-DB73-770D77AF0EB8}.Debug|Any CPU.Build.0 = Debug|Any CPU
		{2C476038-C424-44EA-DB73-770D77AF0EB8}.Release|Any CPU.ActiveCfg = Release|Any CPU
		{2C476038-C424-44EA-DB73-770D77AF0EB8}.Release|Any CPU.Build.0 = Release|Any CPU
		{A2DDB367-E7A7-98F8-A376-77F891F71236}.Debug|Any CPU.ActiveCfg = Debug|Any CPU
		{A2DDB367-E7A7-98F8-A376-77F891F71236}.Debug|Any CPU.Build.0 = Debug|Any CPU
		{A2DDB367-E7A7-98F8-A376-77F891F71236}.Release|Any CPU.ActiveCfg = Release|Any CPU
		{A2DDB367-E7A7-98F8-A376-77F891F71236}.Release|Any CPU.Build.0 = Release|Any CPU
	EndGlobalSection
	GlobalSection(SolutionProperties) = preSolution
		HideSolutionNode = FALSE
	EndGlobalSection
EndGlobal
